
Microsoft Visual Studio Solution File, Format Version 12.00
# Visual Studio 15
VisualStudioVersion = 15.0.26228.4
MinimumVisualStudioVersion = 10.0.40219.1
Project("{FAE04EC0-301F-11D3-BF4B-00C04F79EFBC}") = "ProjectManagerService", "ProjectManagerService\ProjectManagerService.csproj", "{DA8304D1-EA61-458A-948B-AF1157D16C57}"
EndProject
Project("{FAE04EC0-301F-11D3-BF4B-00C04F79EFBC}") = "ProjectManager.NUnit", "ProjectManager.NUnit\ProjectManager.NUnit.csproj", "{699884B7-3139-4BF0-AD1E-E2D4365D86A8}"
EndProject
Project("{FAE04EC0-301F-11D3-BF4B-00C04F79EFBC}") = "ProjectManager.NBench", "ProjectManager.NBench\ProjectManager.NBench.csproj", "{BF889689-8718-497E-99F7-CDC3B6985D01}"
EndProject
Global
	GlobalSection(SolutionConfigurationPlatforms) = preSolution
		Debug|Any CPU = Debug|Any CPU
		Release|Any CPU = Release|Any CPU
	EndGlobalSection
	GlobalSection(ProjectConfigurationPlatforms) = postSolution
		{DA8304D1-EA61-458A-948B-AF1157D16C57}.Debug|Any CPU.ActiveCfg = Debug|Any CPU
		{DA8304D1-EA61-458A-948B-AF1157D16C57}.Debug|Any CPU.Build.0 = Debug|Any CPU
		{DA8304D1-EA61-458A-948B-AF1157D16C57}.Release|Any CPU.ActiveCfg = Release|Any CPU
		{DA8304D1-EA61-458A-948B-AF1157D16C57}.Release|Any CPU.Build.0 = Release|Any CPU
		{699884B7-3139-4BF0-AD1E-E2D4365D86A8}.Debug|Any CPU.ActiveCfg = Debug|Any CPU
		{699884B7-3139-4BF0-AD1E-E2D4365D86A8}.Debug|Any CPU.Build.0 = Debug|Any CPU
		{699884B7-3139-4BF0-AD1E-E2D4365D86A8}.Release|Any CPU.ActiveCfg = Release|Any CPU
		{699884B7-3139-4BF0-AD1E-E2D4365D86A8}.Release|Any CPU.Build.0 = Release|Any CPU
		{BF889689-8718-497E-99F7-CDC3B6985D01}.Debug|Any CPU.ActiveCfg = Debug|Any CPU
		{BF889689-8718-497E-99F7-CDC3B6985D01}.Debug|Any CPU.Build.0 = Debug|Any CPU
		{BF889689-8718-497E-99F7-CDC3B6985D01}.Release|Any CPU.ActiveCfg = Release|Any CPU
		{BF889689-8718-497E-99F7-CDC3B6985D01}.Release|Any CPU.Build.0 = Release|Any CPU
	EndGlobalSection
	GlobalSection(SolutionProperties) = preSolution
		HideSolutionNode = FALSE
	EndGlobalSection
EndGlobal
